{
  "name": "BDP.DPAM.WebResources",
  "version": "1.0.0",
  "lockfileVersion": 1,
  "requires": true,
  "dependencies": {
    "@types/xrm": {
      "version": "9.0.39",
      "resolved": "https://registry.npmjs.org/@types/xrm/-/xrm-9.0.39.tgz",
      "integrity": "sha512-EMX0Bsim8t21qCn2Lc4Fa5oOAszj01BR3QvPLIm+MD8zsSeLiMKog37M7qiMmGhN534wNE1xZJv5spD8Ee+dWA==",
      "dev": true
    }
  }
}
