{
  "name": "BDP.DPAM.WebResources",
  "version": "1.0.0",
  "lockfileVersion": 1,
  "requires": true,
  "dependencies": {
    "@types/xrm": {
      "version": "9.0.52",
      "resolved": "https://registry.npmjs.org/@types/xrm/-/xrm-9.0.52.tgz",
      "integrity": "sha512-wGquHlimqA/xGp+bV3BOfUSuTsqUXkkFw/XMwGb5GRgBmblWgQnLrnUVhf8RVF73kLqOS0f4Bze/hj9hSYpApQ==",
      "dev": true
    }
  }
}
