{
  "name": "BDP.DPAM.WebResources",
  "version": "1.0.0",
  "lockfileVersion": 1,
  "requires": true,
  "dependencies": {
    "@types/xrm": {
      "version": "9.0.44",
      "resolved": "https://registry.npmjs.org/@types/xrm/-/xrm-9.0.44.tgz",
      "integrity": "sha512-p7eYCpBsDLfwhMSVEqJfZkNJs82T9HdVuGSkqeMdWZh3kk7x2mP64Ls53E7wXOVaJpqeumH5qbYAsPCTyW2QYQ==",
      "dev": true
    }
  }
}
